{
  "version": "3",
  "packages": {
    "specifiers": {
      "npm:@vitejs/plugin-react-swc@^3.5.0": "npm:@vitejs/plugin-react-swc@3.7.0_vite@5.4.6",
      "npm:react-dom@^18.2.0": "npm:react-dom@18.3.1_react@18.3.1",
      "npm:react@^18.2.0": "npm:react@18.3.1",
      "npm:vite": "npm:vite@5.4.6",
      "npm:vite@^5.2.10": "npm:vite@5.4.6"
    },
    "npm": {
      "@esbuild/aix-ppc64@0.21.5": {
        "integrity": "sha512-1SDgH6ZSPTlggy1yI6+Dbkiz8xzpHJEVAlF/AM1tHPLsf5STom9rwtjE4hKAF20FfXXNTFqEYXyJNWh1GiZedQ==",
        "dependencies": {}
      },
      "@esbuild/android-arm64@0.21.5": {
        "integrity": "sha512-c0uX9VAUBQ7dTDCjq+wdyGLowMdtR/GoC2U5IYk/7D1H1JYC0qseD7+11iMP2mRLN9RcCMRcjC4YMclCzGwS/A==",
        "dependencies": {}
      },
      "@esbuild/android-arm@0.21.5": {
        "integrity": "sha512-vCPvzSjpPHEi1siZdlvAlsPxXl7WbOVUBBAowWug4rJHb68Ox8KualB+1ocNvT5fjv6wpkX6o/iEpbDrf68zcg==",
        "dependencies": {}
      },
      "@esbuild/android-x64@0.21.5": {
        "integrity": "sha512-D7aPRUUNHRBwHxzxRvp856rjUHRFW1SdQATKXH2hqA0kAZb1hKmi02OpYRacl0TxIGz/ZmXWlbZgjwWYaCakTA==",
        "dependencies": {}
      },
      "@esbuild/darwin-arm64@0.21.5": {
        "integrity": "sha512-DwqXqZyuk5AiWWf3UfLiRDJ5EDd49zg6O9wclZ7kUMv2WRFr4HKjXp/5t8JZ11QbQfUS6/cRCKGwYhtNAY88kQ==",
        "dependencies": {}
      },
      "@esbuild/darwin-x64@0.21.5": {
        "integrity": "sha512-se/JjF8NlmKVG4kNIuyWMV/22ZaerB+qaSi5MdrXtd6R08kvs2qCN4C09miupktDitvh8jRFflwGFBQcxZRjbw==",
        "dependencies": {}
      },
      "@esbuild/freebsd-arm64@0.21.5": {
        "integrity": "sha512-5JcRxxRDUJLX8JXp/wcBCy3pENnCgBR9bN6JsY4OmhfUtIHe3ZW0mawA7+RDAcMLrMIZaf03NlQiX9DGyB8h4g==",
        "dependencies": {}
      },
      "@esbuild/freebsd-x64@0.21.5": {
        "integrity": "sha512-J95kNBj1zkbMXtHVH29bBriQygMXqoVQOQYA+ISs0/2l3T9/kj42ow2mpqerRBxDJnmkUDCaQT/dfNXWX/ZZCQ==",
        "dependencies": {}
      },
      "@esbuild/linux-arm64@0.21.5": {
        "integrity": "sha512-ibKvmyYzKsBeX8d8I7MH/TMfWDXBF3db4qM6sy+7re0YXya+K1cem3on9XgdT2EQGMu4hQyZhan7TeQ8XkGp4Q==",
        "dependencies": {}
      },
      "@esbuild/linux-arm@0.21.5": {
        "integrity": "sha512-bPb5AHZtbeNGjCKVZ9UGqGwo8EUu4cLq68E95A53KlxAPRmUyYv2D6F0uUI65XisGOL1hBP5mTronbgo+0bFcA==",
        "dependencies": {}
      },
      "@esbuild/linux-ia32@0.21.5": {
        "integrity": "sha512-YvjXDqLRqPDl2dvRODYmmhz4rPeVKYvppfGYKSNGdyZkA01046pLWyRKKI3ax8fbJoK5QbxblURkwK/MWY18Tg==",
        "dependencies": {}
      },
      "@esbuild/linux-loong64@0.21.5": {
        "integrity": "sha512-uHf1BmMG8qEvzdrzAqg2SIG/02+4/DHB6a9Kbya0XDvwDEKCoC8ZRWI5JJvNdUjtciBGFQ5PuBlpEOXQj+JQSg==",
        "dependencies": {}
      },
      "@esbuild/linux-mips64el@0.21.5": {
        "integrity": "sha512-IajOmO+KJK23bj52dFSNCMsz1QP1DqM6cwLUv3W1QwyxkyIWecfafnI555fvSGqEKwjMXVLokcV5ygHW5b3Jbg==",
        "dependencies": {}
      },
      "@esbuild/linux-ppc64@0.21.5": {
        "integrity": "sha512-1hHV/Z4OEfMwpLO8rp7CvlhBDnjsC3CttJXIhBi+5Aj5r+MBvy4egg7wCbe//hSsT+RvDAG7s81tAvpL2XAE4w==",
        "dependencies": {}
      },
      "@esbuild/linux-riscv64@0.21.5": {
        "integrity": "sha512-2HdXDMd9GMgTGrPWnJzP2ALSokE/0O5HhTUvWIbD3YdjME8JwvSCnNGBnTThKGEB91OZhzrJ4qIIxk/SBmyDDA==",
        "dependencies": {}
      },
      "@esbuild/linux-s390x@0.21.5": {
        "integrity": "sha512-zus5sxzqBJD3eXxwvjN1yQkRepANgxE9lgOW2qLnmr8ikMTphkjgXu1HR01K4FJg8h1kEEDAqDcZQtbrRnB41A==",
        "dependencies": {}
      },
      "@esbuild/linux-x64@0.21.5": {
        "integrity": "sha512-1rYdTpyv03iycF1+BhzrzQJCdOuAOtaqHTWJZCWvijKD2N5Xu0TtVC8/+1faWqcP9iBCWOmjmhoH94dH82BxPQ==",
        "dependencies": {}
      },
      "@esbuild/netbsd-x64@0.21.5": {
        "integrity": "sha512-Woi2MXzXjMULccIwMnLciyZH4nCIMpWQAs049KEeMvOcNADVxo0UBIQPfSmxB3CWKedngg7sWZdLvLczpe0tLg==",
        "dependencies": {}
      },
      "@esbuild/openbsd-x64@0.21.5": {
        "integrity": "sha512-HLNNw99xsvx12lFBUwoT8EVCsSvRNDVxNpjZ7bPn947b8gJPzeHWyNVhFsaerc0n3TsbOINvRP2byTZ5LKezow==",
        "dependencies": {}
      },
      "@esbuild/sunos-x64@0.21.5": {
        "integrity": "sha512-6+gjmFpfy0BHU5Tpptkuh8+uw3mnrvgs+dSPQXQOv3ekbordwnzTVEb4qnIvQcYXq6gzkyTnoZ9dZG+D4garKg==",
        "dependencies": {}
      },
      "@esbuild/win32-arm64@0.21.5": {
        "integrity": "sha512-Z0gOTd75VvXqyq7nsl93zwahcTROgqvuAcYDUr+vOv8uHhNSKROyU961kgtCD1e95IqPKSQKH7tBTslnS3tA8A==",
        "dependencies": {}
      },
      "@esbuild/win32-ia32@0.21.5": {
        "integrity": "sha512-SWXFF1CL2RVNMaVs+BBClwtfZSvDgtL//G/smwAc5oVK/UPu2Gu9tIaRgFmYFFKrmg3SyAjSrElf0TiJ1v8fYA==",
        "dependencies": {}
      },
      "@esbuild/win32-x64@0.21.5": {
        "integrity": "sha512-tQd/1efJuzPC6rCFwEvLtci/xNFcTZknmXs98FYDfGE4wP9ClFV98nyKrzJKVPMhdDnjzLhdUyMX4PsQAPjwIw==",
        "dependencies": {}
      },
      "@rollup/rollup-android-arm-eabi@4.22.1": {
        "integrity": "sha512-GrXxNVBes13Q3wSBjdZlmu4VulFhfNs1eP2/pX5dmx6cE1XgfV2/BfqdGt4d2Z7Zqp+qnYSf7zvIB4buc+2DwA==",
        "dependencies": {}
      },
      "@rollup/rollup-android-arm64@4.22.1": {
        "integrity": "sha512-Cr/dpKRc4tjK13SCZJrSDXSaKjL/fekn04BWMCJ+Pj4vPCp8rixvtArrnWUYycOdRNi7kx3MSClcvEP7C2nvCw==",
        "dependencies": {}
      },
      "@rollup/rollup-darwin-arm64@4.22.1": {
        "integrity": "sha512-IwEyoeCZoO1lpY5Er5t3UK/Aq5q2W/ubLmu3pYW4as0htn4NbJagBaVNr1aVhRTXUxrYvcPhxQCqodShnocLdA==",
        "dependencies": {}
      },
      "@rollup/rollup-darwin-x64@4.22.1": {
        "integrity": "sha512-LSbJhEOTz557VBcJOWspdGyiFbMTNgLxbWnup7bDj1elpNTK04E3M1qLlvGzPKPmk+uG6XlbT8xAUSKkyn0g8w==",
        "dependencies": {}
      },
      "@rollup/rollup-linux-arm-gnueabihf@4.22.1": {
        "integrity": "sha512-F4DgRk//u604Np1eFoGUzE9TgGE6LMvjnX2tM24ePB34JlED9utc4T3iK5x8CWC/agH+zuN7q/hJF5AtWR+JOA==",
        "dependencies": {}
      },
      "@rollup/rollup-linux-arm-musleabihf@4.22.1": {
        "integrity": "sha512-Gl5pbijcb6QOJRvHkmU/O1G65ZnKxwSHhPQRuGdmcxmX/mBM+wNHoai7wvpCoPVsdhkc+KUqgu/MydP8wovGAA==",
        "dependencies": {}
      },
      "@rollup/rollup-linux-arm64-gnu@4.22.1": {
        "integrity": "sha512-GsvZqPloVOrh3G2nmZmwNSNGqWLf3L3a0nFDO1zecwucAYxEFgZkrvqQrVMT+zUjChaHPBp0eoTOQMWSKFcV8w==",
        "dependencies": {}
      },
      "@rollup/rollup-linux-arm64-musl@4.22.1": {
        "integrity": "sha512-+vZ1jrJeEEYLbMqeKDfgcl8v7zjymdAGTr7xUdQL6c4nC+S+BZHo3Mrp/9ij2qpAveC0Iaz9DIiFplcO0joapQ==",
        "dependencies": {}
      },
      "@rollup/rollup-linux-powerpc64le-gnu@4.22.1": {
        "integrity": "sha512-6psD9nKw+wLj9bMhArTkzKt5etA6kb+cBJQws4MovI9gQSRkdX4nyYZofBfgTtaZtymQl7uRfe1I75guePal5A==",
        "dependencies": {}
      },
      "@rollup/rollup-linux-riscv64-gnu@4.22.1": {
        "integrity": "sha512-xzbqImk1h5abj0bPU5XQVrqBhLHl2zTygG6+vES2TrgmNSiaPzn39aqI8QtdqmGYz507ZVI2qocTTfVwW23SmQ==",
        "dependencies": {}
      },
      "@rollup/rollup-linux-s390x-gnu@4.22.1": {
        "integrity": "sha512-Hz5iwqYv08PpEC75z0GAgLlOY+cLAb0PVx578mLW0naugNfG0WQqoDzQoJWiivmtTdgmwoH5YXDnjZJb7MDlhA==",
        "dependencies": {}
      },
      "@rollup/rollup-linux-x64-gnu@4.22.1": {
        "integrity": "sha512-ot1DPlQZGGiZYNyE/PF3jbT6juuG0W5oiguHQEvjoZZ3+FSxMfdJnBz1P71QeqICSOlSFG9Z31oA/uXyuxDEVw==",
        "dependencies": {}
      },
      "@rollup/rollup-linux-x64-musl@4.22.1": {
        "integrity": "sha512-euksHNkKlXS9RKKHSBBPtloSEUGPg1eRVGfOkXSSIj5W9LdkMfOefsTlVf2g8kuayZW/98nIJ83Fnou9OaZNXA==",
        "dependencies": {}
      },
      "@rollup/rollup-win32-arm64-msvc@4.22.1": {
        "integrity": "sha512-jDS/ShZxlA3HKtgm25CcbApOVsr/0Zkdu/E+3xK4UO0PT912yqyh7jNpTmZZJAiPDQoSDI9FOqrjSbnlpW6IFg==",
        "dependencies": {}
      },
      "@rollup/rollup-win32-ia32-msvc@4.22.1": {
        "integrity": "sha512-yNEeuvH2b+susSgUCfpRelIRjB1CmErHyqA7KsQ/NCjY401rpChVqw5df/H5AUPCKNDqgBMbtrtl9F6z7N9LTg==",
        "dependencies": {}
      },
      "@rollup/rollup-win32-x64-msvc@4.22.1": {
        "integrity": "sha512-UgdylcqjcgJSNMhrjMJpJ4T3zriTmiUd2COh1mJHwDShrhhMkpZ/j4M5e4GsvBFviaxtrJtufr0FnKfm2UfOSw==",
        "dependencies": {}
      },
      "@swc/core-darwin-arm64@1.7.26": {
        "integrity": "sha512-FF3CRYTg6a7ZVW4yT9mesxoVVZTrcSWtmZhxKCYJX9brH4CS/7PRPjAKNk6kzWgWuRoglP7hkjQcd6EpMcZEAw==",
        "dependencies": {}
      },
      "@swc/core-darwin-x64@1.7.26": {
        "integrity": "sha512-az3cibZdsay2HNKmc4bjf62QVukuiMRh5sfM5kHR/JMTrLyS6vSw7Ihs3UTkZjUxkLTT8ro54LI6sV6sUQUbLQ==",
        "dependencies": {}
      },
      "@swc/core-linux-arm-gnueabihf@1.7.26": {
        "integrity": "sha512-VYPFVJDO5zT5U3RpCdHE5v1gz4mmR8BfHecUZTmD2v1JeFY6fv9KArJUpjrHEEsjK/ucXkQFmJ0jaiWXmpOV9Q==",
        "dependencies": {}
      },
      "@swc/core-linux-arm64-gnu@1.7.26": {
        "integrity": "sha512-YKevOV7abpjcAzXrhsl+W48Z9mZvgoVs2eP5nY+uoMAdP2b3GxC0Df1Co0I90o2lkzO4jYBpTMcZlmUXLdXn+Q==",
        "dependencies": {}
      },
      "@swc/core-linux-arm64-musl@1.7.26": {
        "integrity": "sha512-3w8iZICMkQQON0uIcvz7+Q1MPOW6hJ4O5ETjA0LSP/tuKqx30hIniCGOgPDnv3UTMruLUnQbtBwVCZTBKR3Rkg==",
        "dependencies": {}
      },
      "@swc/core-linux-x64-gnu@1.7.26": {
        "integrity": "sha512-c+pp9Zkk2lqb06bNGkR2Looxrs7FtGDMA4/aHjZcCqATgp348hOKH5WPvNLBl+yPrISuWjbKDVn3NgAvfvpH4w==",
        "dependencies": {}
      },
      "@swc/core-linux-x64-musl@1.7.26": {
        "integrity": "sha512-PgtyfHBF6xG87dUSSdTJHwZ3/8vWZfNIXQV2GlwEpslrOkGqy+WaiiyE7Of7z9AvDILfBBBcJvJ/r8u980wAfQ==",
        "dependencies": {}
      },
      "@swc/core-win32-arm64-msvc@1.7.26": {
        "integrity": "sha512-9TNXPIJqFynlAOrRD6tUQjMq7KApSklK3R/tXgIxc7Qx+lWu8hlDQ/kVPLpU7PWvMMwC/3hKBW+p5f+Tms1hmA==",
        "dependencies": {}
      },
      "@swc/core-win32-ia32-msvc@1.7.26": {
        "integrity": "sha512-9YngxNcG3177GYdsTum4V98Re+TlCeJEP4kEwEg9EagT5s3YejYdKwVAkAsJszzkXuyRDdnHUpYbTrPG6FiXrQ==",
        "dependencies": {}
      },
      "@swc/core-win32-x64-msvc@1.7.26": {
        "integrity": "sha512-VR+hzg9XqucgLjXxA13MtV5O3C0bK0ywtLIBw/+a+O+Oc6mxFWHtdUeXDbIi5AiPbn0fjgVJMqYnyjGyyX8u0w==",
        "dependencies": {}
      },
      "@swc/core@1.7.26": {
        "integrity": "sha512-f5uYFf+TmMQyYIoxkn/evWhNGuUzC730dFwAKGwBVHHVoPyak1/GvJUm6i1SKl+2Hrj9oN0i3WSoWWZ4pgI8lw==",
        "dependencies": {
          "@swc/core-darwin-arm64": "@swc/core-darwin-arm64@1.7.26",
          "@swc/core-darwin-x64": "@swc/core-darwin-x64@1.7.26",
          "@swc/core-linux-arm-gnueabihf": "@swc/core-linux-arm-gnueabihf@1.7.26",
          "@swc/core-linux-arm64-gnu": "@swc/core-linux-arm64-gnu@1.7.26",
          "@swc/core-linux-arm64-musl": "@swc/core-linux-arm64-musl@1.7.26",
          "@swc/core-linux-x64-gnu": "@swc/core-linux-x64-gnu@1.7.26",
          "@swc/core-linux-x64-musl": "@swc/core-linux-x64-musl@1.7.26",
          "@swc/core-win32-arm64-msvc": "@swc/core-win32-arm64-msvc@1.7.26",
          "@swc/core-win32-ia32-msvc": "@swc/core-win32-ia32-msvc@1.7.26",
          "@swc/core-win32-x64-msvc": "@swc/core-win32-x64-msvc@1.7.26",
          "@swc/counter": "@swc/counter@0.1.3",
          "@swc/types": "@swc/types@0.1.12"
        }
      },
      "@swc/counter@0.1.3": {
        "integrity": "sha512-e2BR4lsJkkRlKZ/qCHPw9ZaSxc0MVUd7gtbtaB7aMvHeJVYe8sOB8DBZkP2DtISHGSku9sCK6T6cnY0CtXrOCQ==",
        "dependencies": {}
      },
      "@swc/types@0.1.12": {
        "integrity": "sha512-wBJA+SdtkbFhHjTMYH+dEH1y4VpfGdAc2Kw/LK09i9bXd/K6j6PkDcFCEzb6iVfZMkPRrl/q0e3toqTAJdkIVA==",
        "dependencies": {
          "@swc/counter": "@swc/counter@0.1.3"
        }
      },
      "@types/estree@1.0.5": {
        "integrity": "sha512-/kYRxGDLWzHOB7q+wtSUQlFrtcdUccpfy+X+9iMBpHK8QLLhx2wIPYuS5DYtR9Wa/YlZAbIovy7qVdB1Aq6Lyw==",
        "dependencies": {}
      },
      "@vitejs/plugin-react-swc@3.7.0_vite@5.4.6": {
        "integrity": "sha512-yrknSb3Dci6svCd/qhHqhFPDSw0QtjumcqdKMoNNzmOl5lMXTTiqzjWtG4Qask2HdvvzaNgSunbQGet8/GrKdA==",
        "dependencies": {
          "@swc/core": "@swc/core@1.7.26",
          "vite": "vite@5.4.6"
        }
      },
      "esbuild@0.21.5": {
        "integrity": "sha512-mg3OPMV4hXywwpoDxu3Qda5xCKQi+vCTZq8S9J/EpkhB2HzKXq4SNFZE3+NK93JYxc8VMSep+lOUSC/RVKaBqw==",
        "dependencies": {
          "@esbuild/aix-ppc64": "@esbuild/aix-ppc64@0.21.5",
          "@esbuild/android-arm": "@esbuild/android-arm@0.21.5",
          "@esbuild/android-arm64": "@esbuild/android-arm64@0.21.5",
          "@esbuild/android-x64": "@esbuild/android-x64@0.21.5",
          "@esbuild/darwin-arm64": "@esbuild/darwin-arm64@0.21.5",
          "@esbuild/darwin-x64": "@esbuild/darwin-x64@0.21.5",
          "@esbuild/freebsd-arm64": "@esbuild/freebsd-arm64@0.21.5",
          "@esbuild/freebsd-x64": "@esbuild/freebsd-x64@0.21.5",
          "@esbuild/linux-arm": "@esbuild/linux-arm@0.21.5",
          "@esbuild/linux-arm64": "@esbuild/linux-arm64@0.21.5",
          "@esbuild/linux-ia32": "@esbuild/linux-ia32@0.21.5",
          "@esbuild/linux-loong64": "@esbuild/linux-loong64@0.21.5",
          "@esbuild/linux-mips64el": "@esbuild/linux-mips64el@0.21.5",
          "@esbuild/linux-ppc64": "@esbuild/linux-ppc64@0.21.5",
          "@esbuild/linux-riscv64": "@esbuild/linux-riscv64@0.21.5",
          "@esbuild/linux-s390x": "@esbuild/linux-s390x@0.21.5",
          "@esbuild/linux-x64": "@esbuild/linux-x64@0.21.5",
          "@esbuild/netbsd-x64": "@esbuild/netbsd-x64@0.21.5",
          "@esbuild/openbsd-x64": "@esbuild/openbsd-x64@0.21.5",
          "@esbuild/sunos-x64": "@esbuild/sunos-x64@0.21.5",
          "@esbuild/win32-arm64": "@esbuild/win32-arm64@0.21.5",
          "@esbuild/win32-ia32": "@esbuild/win32-ia32@0.21.5",
          "@esbuild/win32-x64": "@esbuild/win32-x64@0.21.5"
        }
      },
      "fsevents@2.3.3": {
        "integrity": "sha512-5xoDfX+fL7faATnagmWPpbFtwh/R77WmMMqqHGS65C3vvB0YHrgF+B1YmZ3441tMj5n63k0212XNoJwzlhffQw==",
        "dependencies": {}
      },
      "js-tokens@4.0.0": {
        "integrity": "sha512-RdJUflcE3cUzKiMqQgsCu06FPu9UdIJO0beYbPhHN4k6apgJtifcoCtT9bcxOpYBtpD2kCM6Sbzg4CausW/PKQ==",
        "dependencies": {}
      },
      "loose-envify@1.4.0": {
        "integrity": "sha512-lyuxPGr/Wfhrlem2CL/UcnUc1zcqKAImBDzukY7Y5F/yQiNdko6+fRLevlw1HgMySw7f611UIY408EtxRSoK3Q==",
        "dependencies": {
          "js-tokens": "js-tokens@4.0.0"
        }
      },
      "nanoid@3.3.7": {
        "integrity": "sha512-eSRppjcPIatRIMC1U6UngP8XFcz8MQWGQdt1MTBQ7NaAmvXDfvNxbvWV3x2y6CdEUciCSsDHDQZbhYaB8QEo2g==",
        "dependencies": {}
      },
      "picocolors@1.1.0": {
        "integrity": "sha512-TQ92mBOW0l3LeMeyLV6mzy/kWr8lkd/hp3mTg7wYK7zJhuBStmGMBG0BdeDZS/dZx1IukaX6Bk11zcln25o1Aw==",
        "dependencies": {}
      },
      "postcss@8.4.47": {
        "integrity": "sha512-56rxCq7G/XfB4EkXq9Egn5GCqugWvDFjafDOThIdMBsI15iqPqR5r15TfSr1YPYeEI19YeaXMCbY6u88Y76GLQ==",
        "dependencies": {
          "nanoid": "nanoid@3.3.7",
          "picocolors": "picocolors@1.1.0",
          "source-map-js": "source-map-js@1.2.1"
        }
      },
      "react-dom@18.3.1_react@18.3.1": {
        "integrity": "sha512-5m4nQKp+rZRb09LNH59GM4BxTh9251/ylbKIbpe7TpGxfJ+9kv6BLkLBXIjjspbgbnIBNqlI23tRnTWT0snUIw==",
        "dependencies": {
          "loose-envify": "loose-envify@1.4.0",
          "react": "react@18.3.1",
          "scheduler": "scheduler@0.23.2"
        }
      },
      "react@18.3.1": {
        "integrity": "sha512-wS+hAgJShR0KhEvPJArfuPVN1+Hz1t0Y6n5jLrGQbkb4urgPE/0Rve+1kMB1v/oWgHgm4WIcV+i7F2pTVj+2iQ==",
        "dependencies": {
          "loose-envify": "loose-envify@1.4.0"
        }
      },
      "rollup@4.22.1": {
        "integrity": "sha512-rit4zY5uPX0jrzTidez3rFr0MD30Rpu3S8VxwXFDfBVAzkk9U28s5MF3/R6u5bIHN6CQnf7zbiwVQbqBkyrU/A==",
        "dependencies": {
          "@rollup/rollup-android-arm-eabi": "@rollup/rollup-android-arm-eabi@4.22.1",
          "@rollup/rollup-android-arm64": "@rollup/rollup-android-arm64@4.22.1",
          "@rollup/rollup-darwin-arm64": "@rollup/rollup-darwin-arm64@4.22.1",
          "@rollup/rollup-darwin-x64": "@rollup/rollup-darwin-x64@4.22.1",
          "@rollup/rollup-linux-arm-gnueabihf": "@rollup/rollup-linux-arm-gnueabihf@4.22.1",
          "@rollup/rollup-linux-arm-musleabihf": "@rollup/rollup-linux-arm-musleabihf@4.22.1",
          "@rollup/rollup-linux-arm64-gnu": "@rollup/rollup-linux-arm64-gnu@4.22.1",
          "@rollup/rollup-linux-arm64-musl": "@rollup/rollup-linux-arm64-musl@4.22.1",
          "@rollup/rollup-linux-powerpc64le-gnu": "@rollup/rollup-linux-powerpc64le-gnu@4.22.1",
          "@rollup/rollup-linux-riscv64-gnu": "@rollup/rollup-linux-riscv64-gnu@4.22.1",
          "@rollup/rollup-linux-s390x-gnu": "@rollup/rollup-linux-s390x-gnu@4.22.1",
          "@rollup/rollup-linux-x64-gnu": "@rollup/rollup-linux-x64-gnu@4.22.1",
          "@rollup/rollup-linux-x64-musl": "@rollup/rollup-linux-x64-musl@4.22.1",
          "@rollup/rollup-win32-arm64-msvc": "@rollup/rollup-win32-arm64-msvc@4.22.1",
          "@rollup/rollup-win32-ia32-msvc": "@rollup/rollup-win32-ia32-msvc@4.22.1",
          "@rollup/rollup-win32-x64-msvc": "@rollup/rollup-win32-x64-msvc@4.22.1",
          "@types/estree": "@types/estree@1.0.5",
          "fsevents": "fsevents@2.3.3"
        }
      },
      "scheduler@0.23.2": {
        "integrity": "sha512-UOShsPwz7NrMUqhR6t0hWjFduvOzbtv7toDH1/hIrfRNIDBnnBWd0CwJTGvTpngVlmwGCdP9/Zl/tVrDqcuYzQ==",
        "dependencies": {
          "loose-envify": "loose-envify@1.4.0"
        }
      },
      "source-map-js@1.2.1": {
        "integrity": "sha512-UXWMKhLOwVKb728IUtQPXxfYU+usdybtUrK/8uGE8CQMvrhOpwvzDBwj0QhSL7MQc7vIsISBG8VQ8+IDQxpfQA==",
        "dependencies": {}
      },
      "vite@5.4.6": {
        "integrity": "sha512-IeL5f8OO5nylsgzd9tq4qD2QqI0k2CQLGrWD0rCN0EQJZpBK5vJAx0I+GDkMOXxQX/OfFHMuLIx6ddAxGX/k+Q==",
        "dependencies": {
          "esbuild": "esbuild@0.21.5",
          "fsevents": "fsevents@2.3.3",
          "postcss": "postcss@8.4.47",
          "rollup": "rollup@4.22.1"
        }
      }
    }
  },
  "remote": {}
}
